
Microsoft Visual Studio Solution File, Format Version 12.00
# Visual Studio 14
VisualStudioVersion = 14.0.25123.0
MinimumVisualStudioVersion = 10.0.40219.1
Project("{FAE04EC0-301F-11D3-BF4B-00C04F79EFBC}") = "FyneFest.iOS", "FyneFest.iOS\FyneFest.iOS.csproj", "{FE611A00-9DAD-45DC-984C-955B8E97FBB7}"
EndProject
Project("{D954291E-2A0B-460D-934E-DC6B0785DB48}") = "FyneFest", "FyneFest\FyneFest.shproj", "{63212D53-332C-4A80-90D3-9C0ED8CB9B23}"
EndProject
Project("{FAE04EC0-301F-11D3-BF4B-00C04F79EFBC}") = "TickerTools.Common", "libticker\TickerTools.Common\TickerTools.Common.csproj", "{1BBAA45D-3F11-43FD-8F10-41D55F975DCE}"
EndProject
Project("{FAE04EC0-301F-11D3-BF4B-00C04F79EFBC}") = "FyneFest.Models", "FyneFest.Models\FyneFest.Models.csproj", "{FB8C9A1E-2542-42CE-972F-AAF41CD2C002}"
EndProject
Project("{2150E333-8FDC-42A3-9474-1A3956D46DE8}") = "Clients", "Clients", "{F5553BF1-003C-4378-9825-E05DC36973B8}"
EndProject
Project("{2150E333-8FDC-42A3-9474-1A3956D46DE8}") = "Shared", "Shared", "{BF3E49A2-66D0-431D-9C2A-BC5F58407FA6}"
EndProject
Global
	GlobalSection(SharedMSBuildProjectFiles) = preSolution
		FyneFest\FyneFest.projitems*{63212d53-332c-4a80-90d3-9c0ed8cb9b23}*SharedItemsImports = 13
		FyneFest\FyneFest.projitems*{fe611a00-9dad-45dc-984c-955b8e97fbb7}*SharedItemsImports = 4
	EndGlobalSection
	GlobalSection(SolutionConfigurationPlatforms) = preSolution
		Ad-Hoc|Any CPU = Ad-Hoc|Any CPU
		Ad-Hoc|ARM = Ad-Hoc|ARM
		Ad-Hoc|iPhone = Ad-Hoc|iPhone
		Ad-Hoc|iPhoneSimulator = Ad-Hoc|iPhoneSimulator
		Ad-Hoc|Mixed Platforms = Ad-Hoc|Mixed Platforms
		Ad-Hoc|x86 = Ad-Hoc|x86
		AppStore|Any CPU = AppStore|Any CPU
		AppStore|ARM = AppStore|ARM
		AppStore|iPhone = AppStore|iPhone
		AppStore|iPhoneSimulator = AppStore|iPhoneSimulator
		AppStore|Mixed Platforms = AppStore|Mixed Platforms
		AppStore|x86 = AppStore|x86
		Debug|Any CPU = Debug|Any CPU
		Debug|ARM = Debug|ARM
		Debug|iPhone = Debug|iPhone
		Debug|iPhoneSimulator = Debug|iPhoneSimulator
		Debug|Mixed Platforms = Debug|Mixed Platforms
		Debug|x86 = Debug|x86
		Release|Any CPU = Release|Any CPU
		Release|ARM = Release|ARM
		Release|iPhone = Release|iPhone
		Release|iPhoneSimulator = Release|iPhoneSimulator
		Release|Mixed Platforms = Release|Mixed Platforms
		Release|x86 = Release|x86
	EndGlobalSection
	GlobalSection(ProjectConfigurationPlatforms) = postSolution
		{FE611A00-9DAD-45DC-984C-955B8E97FBB7}.Ad-Hoc|Any CPU.ActiveCfg = Ad-Hoc|iPhone
		{FE611A00-9DAD-45DC-984C-955B8E97FBB7}.Ad-Hoc|ARM.ActiveCfg = Ad-Hoc|iPhone
		{FE611A00-9DAD-45DC-984C-955B8E97FBB7}.Ad-Hoc|iPhone.ActiveCfg = Ad-Hoc|iPhone
		{FE611A00-9DAD-45DC-984C-955B8E97FBB7}.Ad-Hoc|iPhone.Build.0 = Ad-Hoc|iPhone
		{FE611A00-9DAD-45DC-984C-955B8E97FBB7}.Ad-Hoc|iPhoneSimulator.ActiveCfg = Ad-Hoc|iPhoneSimulator
		{FE611A00-9DAD-45DC-984C-955B8E97FBB7}.Ad-Hoc|iPhoneSimulator.Build.0 = Ad-Hoc|iPhoneSimulator
		{FE611A00-9DAD-45DC-984C-955B8E97FBB7}.Ad-Hoc|Mixed Platforms.ActiveCfg = Ad-Hoc|iPhone
		{FE611A00-9DAD-45DC-984C-955B8E97FBB7}.Ad-Hoc|Mixed Platforms.Build.0 = Ad-Hoc|iPhone
		{FE611A00-9DAD-45DC-984C-955B8E97FBB7}.Ad-Hoc|x86.ActiveCfg = Ad-Hoc|iPhone
		{FE611A00-9DAD-45DC-984C-955B8E97FBB7}.AppStore|Any CPU.ActiveCfg = AppStore|iPhone
		{FE611A00-9DAD-45DC-984C-955B8E97FBB7}.AppStore|ARM.ActiveCfg = AppStore|iPhone
		{FE611A00-9DAD-45DC-984C-955B8E97FBB7}.AppStore|iPhone.ActiveCfg = AppStore|iPhone
		{FE611A00-9DAD-45DC-984C-955B8E97FBB7}.AppStore|iPhone.Build.0 = AppStore|iPhone
		{FE611A00-9DAD-45DC-984C-955B8E97FBB7}.AppStore|iPhoneSimulator.ActiveCfg = AppStore|iPhoneSimulator
		{FE611A00-9DAD-45DC-984C-955B8E97FBB7}.AppStore|iPhoneSimulator.Build.0 = AppStore|iPhoneSimulator
		{FE611A00-9DAD-45DC-984C-955B8E97FBB7}.AppStore|Mixed Platforms.ActiveCfg = AppStore|iPhone
		{FE611A00-9DAD-45DC-984C-955B8E97FBB7}.AppStore|Mixed Platforms.Build.0 = AppStore|iPhone
		{FE611A00-9DAD-45DC-984C-955B8E97FBB7}.AppStore|x86.ActiveCfg = AppStore|iPhone
		{FE611A00-9DAD-45DC-984C-955B8E97FBB7}.Debug|Any CPU.ActiveCfg = Debug|iPhone
		{FE611A00-9DAD-45DC-984C-955B8E97FBB7}.Debug|ARM.ActiveCfg = Debug|iPhone
		{FE611A00-9DAD-45DC-984C-955B8E97FBB7}.Debug|iPhone.ActiveCfg = Debug|iPhone
		{FE611A00-9DAD-45DC-984C-955B8E97FBB7}.Debug|iPhone.Build.0 = Debug|iPhone
		{FE611A00-9DAD-45DC-984C-955B8E97FBB7}.Debug|iPhoneSimulator.ActiveCfg = Debug|iPhoneSimulator
		{FE611A00-9DAD-45DC-984C-955B8E97FBB7}.Debug|iPhoneSimulator.Build.0 = Debug|iPhoneSimulator
		{FE611A00-9DAD-45DC-984C-955B8E97FBB7}.Debug|Mixed Platforms.ActiveCfg = Debug|iPhone
		{FE611A00-9DAD-45DC-984C-955B8E97FBB7}.Debug|Mixed Platforms.Build.0 = Debug|iPhone
		{FE611A00-9DAD-45DC-984C-955B8E97FBB7}.Debug|x86.ActiveCfg = Debug|iPhone
		{FE611A00-9DAD-45DC-984C-955B8E97FBB7}.Release|Any CPU.ActiveCfg = Release|iPhone
		{FE611A00-9DAD-45DC-984C-955B8E97FBB7}.Release|ARM.ActiveCfg = Release|iPhone
		{FE611A00-9DAD-45DC-984C-955B8E97FBB7}.Release|iPhone.ActiveCfg = Release|iPhone
		{FE611A00-9DAD-45DC-984C-955B8E97FBB7}.Release|iPhone.Build.0 = Release|iPhone
		{FE611A00-9DAD-45DC-984C-955B8E97FBB7}.Release|iPhoneSimulator.ActiveCfg = Release|iPhoneSimulator
		{FE611A00-9DAD-45DC-984C-955B8E97FBB7}.Release|iPhoneSimulator.Build.0 = Release|iPhoneSimulator
		{FE611A00-9DAD-45DC-984C-955B8E97FBB7}.Release|Mixed Platforms.ActiveCfg = Release|iPhone
		{FE611A00-9DAD-45DC-984C-955B8E97FBB7}.Release|Mixed Platforms.Build.0 = Release|iPhone
		{FE611A00-9DAD-45DC-984C-955B8E97FBB7}.Release|x86.ActiveCfg = Release|iPhone
		{1BBAA45D-3F11-43FD-8F10-41D55F975DCE}.Ad-Hoc|Any CPU.ActiveCfg = Release|Any CPU
		{1BBAA45D-3F11-43FD-8F10-41D55F975DCE}.Ad-Hoc|Any CPU.Build.0 = Release|Any CPU
		{1BBAA45D-3F11-43FD-8F10-41D55F975DCE}.Ad-Hoc|ARM.ActiveCfg = Release|Any CPU
		{1BBAA45D-3F11-43FD-8F10-41D55F975DCE}.Ad-Hoc|ARM.Build.0 = Release|Any CPU
		{1BBAA45D-3F11-43FD-8F10-41D55F975DCE}.Ad-Hoc|iPhone.ActiveCfg = Release|Any CPU
		{1BBAA45D-3F11-43FD-8F10-41D55F975DCE}.Ad-Hoc|iPhone.Build.0 = Release|Any CPU
		{1BBAA45D-3F11-43FD-8F10-41D55F975DCE}.Ad-Hoc|iPhoneSimulator.ActiveCfg = Release|Any CPU
		{1BBAA45D-3F11-43FD-8F10-41D55F975DCE}.Ad-Hoc|iPhoneSimulator.Build.0 = Release|Any CPU
		{1BBAA45D-3F11-43FD-8F10-41D55F975DCE}.Ad-Hoc|Mixed Platforms.ActiveCfg = Release|Any CPU
		{1BBAA45D-3F11-43FD-8F10-41D55F975DCE}.Ad-Hoc|Mixed Platforms.Build.0 = Release|Any CPU
		{1BBAA45D-3F11-43FD-8F10-41D55F975DCE}.Ad-Hoc|x86.ActiveCfg = Release|Any CPU
		{1BBAA45D-3F11-43FD-8F10-41D55F975DCE}.Ad-Hoc|x86.Build.0 = Release|Any CPU
		{1BBAA45D-3F11-43FD-8F10-41D55F975DCE}.AppStore|Any CPU.ActiveCfg = Release|Any CPU
		{1BBAA45D-3F11-43FD-8F10-41D55F975DCE}.AppStore|Any CPU.Build.0 = Release|Any CPU
		{1BBAA45D-3F11-43FD-8F10-41D55F975DCE}.AppStore|ARM.ActiveCfg = Release|Any CPU
		{1BBAA45D-3F11-43FD-8F10-41D55F975DCE}.AppStore|ARM.Build.0 = Release|Any CPU
		{1BBAA45D-3F11-43FD-8F10-41D55F975DCE}.AppStore|iPhone.ActiveCfg = Release|Any CPU
		{1BBAA45D-3F11-43FD-8F10-41D55F975DCE}.AppStore|iPhone.Build.0 = Release|Any CPU
		{1BBAA45D-3F11-43FD-8F10-41D55F975DCE}.AppStore|iPhoneSimulator.ActiveCfg = Release|Any CPU
		{1BBAA45D-3F11-43FD-8F10-41D55F975DCE}.AppStore|iPhoneSimulator.Build.0 = Release|Any CPU
		{1BBAA45D-3F11-43FD-8F10-41D55F975DCE}.AppStore|Mixed Platforms.ActiveCfg = Release|Any CPU
		{1BBAA45D-3F11-43FD-8F10-41D55F975DCE}.AppStore|Mixed Platforms.Build.0 = Release|Any CPU
		{1BBAA45D-3F11-43FD-8F10-41D55F975DCE}.AppStore|x86.ActiveCfg = Release|Any CPU
		{1BBAA45D-3F11-43FD-8F10-41D55F975DCE}.AppStore|x86.Build.0 = Release|Any CPU
		{1BBAA45D-3F11-43FD-8F10-41D55F975DCE}.Debug|Any CPU.ActiveCfg = Debug|Any CPU
		{1BBAA45D-3F11-43FD-8F10-41D55F975DCE}.Debug|Any CPU.Build.0 = Debug|Any CPU
		{1BBAA45D-3F11-43FD-8F10-41D55F975DCE}.Debug|ARM.ActiveCfg = Debug|Any CPU
		{1BBAA45D-3F11-43FD-8F10-41D55F975DCE}.Debug|ARM.Build.0 = Debug|Any CPU
		{1BBAA45D-3F11-43FD-8F10-41D55F975DCE}.Debug|iPhone.ActiveCfg = Debug|Any CPU
		{1BBAA45D-3F11-43FD-8F10-41D55F975DCE}.Debug|iPhone.Build.0 = Debug|Any CPU
		{1BBAA45D-3F11-43FD-8F10-41D55F975DCE}.Debug|iPhoneSimulator.ActiveCfg = Debug|Any CPU
		{1BBAA45D-3F11-43FD-8F10-41D55F975DCE}.Debug|iPhoneSimulator.Build.0 = Debug|Any CPU
		{1BBAA45D-3F11-43FD-8F10-41D55F975DCE}.Debug|Mixed Platforms.ActiveCfg = Debug|Any CPU
		{1BBAA45D-3F11-43FD-8F10-41D55F975DCE}.Debug|Mixed Platforms.Build.0 = Debug|Any CPU
		{1BBAA45D-3F11-43FD-8F10-41D55F975DCE}.Debug|x86.ActiveCfg = Debug|Any CPU
		{1BBAA45D-3F11-43FD-8F10-41D55F975DCE}.Debug|x86.Build.0 = Debug|Any CPU
		{1BBAA45D-3F11-43FD-8F10-41D55F975DCE}.Release|Any CPU.ActiveCfg = Release|Any CPU
		{1BBAA45D-3F11-43FD-8F10-41D55F975DCE}.Release|Any CPU.Build.0 = Release|Any CPU
		{1BBAA45D-3F11-43FD-8F10-41D55F975DCE}.Release|ARM.ActiveCfg = Release|Any CPU
		{1BBAA45D-3F11-43FD-8F10-41D55F975DCE}.Release|ARM.Build.0 = Release|Any CPU
		{1BBAA45D-3F11-43FD-8F10-41D55F975DCE}.Release|iPhone.ActiveCfg = Release|Any CPU
		{1BBAA45D-3F11-43FD-8F10-41D55F975DCE}.Release|iPhone.Build.0 = Release|Any CPU
		{1BBAA45D-3F11-43FD-8F10-41D55F975DCE}.Release|iPhoneSimulator.ActiveCfg = Release|Any CPU
		{1BBAA45D-3F11-43FD-8F10-41D55F975DCE}.Release|iPhoneSimulator.Build.0 = Release|Any CPU
		{1BBAA45D-3F11-43FD-8F10-41D55F975DCE}.Release|Mixed Platforms.ActiveCfg = Release|Any CPU
		{1BBAA45D-3F11-43FD-8F10-41D55F975DCE}.Release|Mixed Platforms.Build.0 = Release|Any CPU
		{1BBAA45D-3F11-43FD-8F10-41D55F975DCE}.Release|x86.ActiveCfg = Release|Any CPU
		{1BBAA45D-3F11-43FD-8F10-41D55F975DCE}.Release|x86.Build.0 = Release|Any CPU
		{FB8C9A1E-2542-42CE-972F-AAF41CD2C002}.Ad-Hoc|Any CPU.ActiveCfg = Release|Any CPU
		{FB8C9A1E-2542-42CE-972F-AAF41CD2C002}.Ad-Hoc|Any CPU.Build.0 = Release|Any CPU
		{FB8C9A1E-2542-42CE-972F-AAF41CD2C002}.Ad-Hoc|ARM.ActiveCfg = Release|Any CPU
		{FB8C9A1E-2542-42CE-972F-AAF41CD2C002}.Ad-Hoc|ARM.Build.0 = Release|Any CPU
		{FB8C9A1E-2542-42CE-972F-AAF41CD2C002}.Ad-Hoc|iPhone.ActiveCfg = Release|Any CPU
		{FB8C9A1E-2542-42CE-972F-AAF41CD2C002}.Ad-Hoc|iPhone.Build.0 = Release|Any CPU
		{FB8C9A1E-2542-42CE-972F-AAF41CD2C002}.Ad-Hoc|iPhoneSimulator.ActiveCfg = Release|Any CPU
		{FB8C9A1E-2542-42CE-972F-AAF41CD2C002}.Ad-Hoc|iPhoneSimulator.Build.0 = Release|Any CPU
		{FB8C9A1E-2542-42CE-972F-AAF41CD2C002}.Ad-Hoc|Mixed Platforms.ActiveCfg = Release|Any CPU
		{FB8C9A1E-2542-42CE-972F-AAF41CD2C002}.Ad-Hoc|Mixed Platforms.Build.0 = Release|Any CPU
		{FB8C9A1E-2542-42CE-972F-AAF41CD2C002}.Ad-Hoc|x86.ActiveCfg = Release|Any CPU
		{FB8C9A1E-2542-42CE-972F-AAF41CD2C002}.Ad-Hoc|x86.Build.0 = Release|Any CPU
		{FB8C9A1E-2542-42CE-972F-AAF41CD2C002}.AppStore|Any CPU.ActiveCfg = Release|Any CPU
		{FB8C9A1E-2542-42CE-972F-AAF41CD2C002}.AppStore|Any CPU.Build.0 = Release|Any CPU
		{FB8C9A1E-2542-42CE-972F-AAF41CD2C002}.AppStore|ARM.ActiveCfg = Release|Any CPU
		{FB8C9A1E-2542-42CE-972F-AAF41CD2C002}.AppStore|ARM.Build.0 = Release|Any CPU
		{FB8C9A1E-2542-42CE-972F-AAF41CD2C002}.AppStore|iPhone.ActiveCfg = Release|Any CPU
		{FB8C9A1E-2542-42CE-972F-AAF41CD2C002}.AppStore|iPhone.Build.0 = Release|Any CPU
		{FB8C9A1E-2542-42CE-972F-AAF41CD2C002}.AppStore|iPhoneSimulator.ActiveCfg = Release|Any CPU
		{FB8C9A1E-2542-42CE-972F-AAF41CD2C002}.AppStore|iPhoneSimulator.Build.0 = Release|Any CPU
		{FB8C9A1E-2542-42CE-972F-AAF41CD2C002}.AppStore|Mixed Platforms.ActiveCfg = Release|Any CPU
		{FB8C9A1E-2542-42CE-972F-AAF41CD2C002}.AppStore|Mixed Platforms.Build.0 = Release|Any CPU
		{FB8C9A1E-2542-42CE-972F-AAF41CD2C002}.AppStore|x86.ActiveCfg = Release|Any CPU
		{FB8C9A1E-2542-42CE-972F-AAF41CD2C002}.AppStore|x86.Build.0 = Release|Any CPU
		{FB8C9A1E-2542-42CE-972F-AAF41CD2C002}.Debug|Any CPU.ActiveCfg = Debug|Any CPU
		{FB8C9A1E-2542-42CE-972F-AAF41CD2C002}.Debug|Any CPU.Build.0 = Debug|Any CPU
		{FB8C9A1E-2542-42CE-972F-AAF41CD2C002}.Debug|ARM.ActiveCfg = Debug|Any CPU
		{FB8C9A1E-2542-42CE-972F-AAF41CD2C002}.Debug|ARM.Build.0 = Debug|Any CPU
		{FB8C9A1E-2542-42CE-972F-AAF41CD2C002}.Debug|iPhone.ActiveCfg = Debug|Any CPU
		{FB8C9A1E-2542-42CE-972F-AAF41CD2C002}.Debug|iPhone.Build.0 = Debug|Any CPU
		{FB8C9A1E-2542-42CE-972F-AAF41CD2C002}.Debug|iPhoneSimulator.ActiveCfg = Debug|Any CPU
		{FB8C9A1E-2542-42CE-972F-AAF41CD2C002}.Debug|iPhoneSimulator.Build.0 = Debug|Any CPU
		{FB8C9A1E-2542-42CE-972F-AAF41CD2C002}.Debug|Mixed Platforms.ActiveCfg = Debug|Any CPU
		{FB8C9A1E-2542-42CE-972F-AAF41CD2C002}.Debug|Mixed Platforms.Build.0 = Debug|Any CPU
		{FB8C9A1E-2542-42CE-972F-AAF41CD2C002}.Debug|x86.ActiveCfg = Debug|Any CPU
		{FB8C9A1E-2542-42CE-972F-AAF41CD2C002}.Debug|x86.Build.0 = Debug|Any CPU
		{FB8C9A1E-2542-42CE-972F-AAF41CD2C002}.Release|Any CPU.ActiveCfg = Release|Any CPU
		{FB8C9A1E-2542-42CE-972F-AAF41CD2C002}.Release|Any CPU.Build.0 = Release|Any CPU
		{FB8C9A1E-2542-42CE-972F-AAF41CD2C002}.Release|ARM.ActiveCfg = Release|Any CPU
		{FB8C9A1E-2542-42CE-972F-AAF41CD2C002}.Release|ARM.Build.0 = Release|Any CPU
		{FB8C9A1E-2542-42CE-972F-AAF41CD2C002}.Release|iPhone.ActiveCfg = Release|Any CPU
		{FB8C9A1E-2542-42CE-972F-AAF41CD2C002}.Release|iPhone.Build.0 = Release|Any CPU
		{FB8C9A1E-2542-42CE-972F-AAF41CD2C002}.Release|iPhoneSimulator.ActiveCfg = Release|Any CPU
		{FB8C9A1E-2542-42CE-972F-AAF41CD2C002}.Release|iPhoneSimulator.Build.0 = Release|Any CPU
		{FB8C9A1E-2542-42CE-972F-AAF41CD2C002}.Release|Mixed Platforms.ActiveCfg = Release|Any CPU
		{FB8C9A1E-2542-42CE-972F-AAF41CD2C002}.Release|Mixed Platforms.Build.0 = Release|Any CPU
		{FB8C9A1E-2542-42CE-972F-AAF41CD2C002}.Release|x86.ActiveCfg = Release|Any CPU
		{FB8C9A1E-2542-42CE-972F-AAF41CD2C002}.Release|x86.Build.0 = Release|Any CPU
	EndGlobalSection
	GlobalSection(SolutionProperties) = preSolution
		HideSolutionNode = FALSE
	EndGlobalSection
	GlobalSection(NestedProjects) = preSolution
		{FE611A00-9DAD-45DC-984C-955B8E97FBB7} = {F5553BF1-003C-4378-9825-E05DC36973B8}
		{63212D53-332C-4A80-90D3-9C0ED8CB9B23} = {BF3E49A2-66D0-431D-9C2A-BC5F58407FA6}
		{1BBAA45D-3F11-43FD-8F10-41D55F975DCE} = {BF3E49A2-66D0-431D-9C2A-BC5F58407FA6}
		{FB8C9A1E-2542-42CE-972F-AAF41CD2C002} = {BF3E49A2-66D0-431D-9C2A-BC5F58407FA6}
	EndGlobalSection
EndGlobal
